lockfileVersion: '9.0'

settings:
  autoInstallPeers: true
  excludeLinksFromLockfile: false

importers:

  .:
    devDependencies:
      oxlint:
        specifier: ^1.18.0
        version: 1.18.0
      prettier:
        specifier: ^3.6.2
        version: 3.6.2

packages:

  '@oxlint/darwin-arm64@1.18.0':
    resolution: {integrity: sha512-z/4/ClV0sZYDNk/xsOZHr5BHFbAXI7LU+i3P8d/L2ejy7zF8e4WA8szd70OqVm7Gcsa81TSeeQygViR63WCQ1A==}
    cpu: [arm64]
    os: [darwin]

  '@oxlint/darwin-x64@1.18.0':
    resolution: {integrity: sha512-cQP5UtmfxZKLVyISh/BeaaK5z70AGOtQkf1wm7ZaEb0eT81PkLUdzkPwTjwyQq/TeT09uw2paVy3l2SEAO+JQA==}
    cpu: [x64]
    os: [darwin]

  '@oxlint/linux-arm64-gnu@1.18.0':
    resolution: {integrity: sha512-JsobGeuKwpQFKSgK398QHfZ4kN9XXWJ0xvI8kofoefO/LLmj1ox3+Yln3kx425AaooruRMqBhh1JFXqEKeDxOw==}
    cpu: [arm64]
    os: [linux]

  '@oxlint/linux-arm64-musl@1.18.0':
    resolution: {integrity: sha512-Sds76cCqGylhywWrJcJ++4JQ45MxQKDDm7iW6Gx6C9nH+DyCPnYOjZAMYDkQiiZ3MlWCIW87SggsHkMaGO45ew==}
    cpu: [arm64]
    os: [linux]

  '@oxlint/linux-x64-gnu@1.18.0':
    resolution: {integrity: sha512-pvBDpuf7SE3iMfwgmI3m8gandsdjs8CpIgiv/tiUhxCsKeK7gRVpiIr1XcewFrYwLn/km/EhjjFr/Kb7/CsHOA==}
    cpu: [x64]
    os: [linux]

  '@oxlint/linux-x64-musl@1.18.0':
    resolution: {integrity: sha512-9G0km2Rt4MAoGOVndD/7+U947dnxQkWtLX9en5Gkh3lC7HBDvVpYLopXddguWE+qbqEQKp67PiuITeyYQ4uESA==}
    cpu: [x64]
    os: [linux]

  '@oxlint/win32-arm64@1.18.0':
    resolution: {integrity: sha512-Px9436ey0xIuU3/PuXw8EwxJSWPIxiZ9pi7FiryOMisY0dNHQP9XlGvk1MNqzyFctNmas93ZG5zyyctzLTtiUg==}
    cpu: [arm64]
    os: [win32]

  '@oxlint/win32-x64@1.18.0':
    resolution: {integrity: sha512-6yG6xADwy3SJsBuV2TZXfDMWDAzDBpTx3Ja/shdHbhP+YiVT87rRESjT5dKmASqrzQViycgnZ71UXiTf/nxqTA==}
    cpu: [x64]
    os: [win32]

  oxlint@1.18.0:
    resolution: {integrity: sha512-bR/XSaWwrRyt87IGdJtCIf3KLspkY4Ni7FfkOdERWihfyazs40NUMCyYICZo5ojU/8zIq+EWpa/gEf7wsoBOug==}
    engines: {node: ^20.19.0 || >=22.12.0}
    hasBin: true
    peerDependencies:
      oxlint-tsgolint: '>=0.2.0'
    peerDependenciesMeta:
      oxlint-tsgolint:
        optional: true

  prettier@3.6.2:
    resolution: {integrity: sha512-I7AIg5boAr5R0FFtJ6rCfD+LFsWHp81dolrFD8S79U9tb8Az2nGrJncnMSnys+bpQJfRUzqs9hnA81OAA3hCuQ==}
    engines: {node: '>=14'}
    hasBin: true

snapshots:

  '@oxlint/darwin-arm64@1.18.0':
    optional: true

  '@oxlint/darwin-x64@1.18.0':
    optional: true

  '@oxlint/linux-arm64-gnu@1.18.0':
    optional: true

  '@oxlint/linux-arm64-musl@1.18.0':
    optional: true

  '@oxlint/linux-x64-gnu@1.18.0':
    optional: true

  '@oxlint/linux-x64-musl@1.18.0':
    optional: true

  '@oxlint/win32-arm64@1.18.0':
    optional: true

  '@oxlint/win32-x64@1.18.0':
    optional: true

  oxlint@1.18.0:
    optionalDependencies:
      '@oxlint/darwin-arm64': 1.18.0
      '@oxlint/darwin-x64': 1.18.0
      '@oxlint/linux-arm64-gnu': 1.18.0
      '@oxlint/linux-arm64-musl': 1.18.0
      '@oxlint/linux-x64-gnu': 1.18.0
      '@oxlint/linux-x64-musl': 1.18.0
      '@oxlint/win32-arm64': 1.18.0
      '@oxlint/win32-x64': 1.18.0

  prettier@3.6.2: {}
