lockfileVersion: '9.0'

settings:
  autoInstallPeers: true
  excludeLinksFromLockfile: false

importers:

  .:
    devDependencies:
      oxlint:
        specifier: ^1.31.0
        version: 1.31.0
      prettier:
        specifier: ^3.7.4
        version: 3.7.4

packages:

  '@oxlint/darwin-arm64@1.31.0':
    resolution: {integrity: sha512-HqoYNH5WFZRdqGUROTFGOdBcA9y/YdHNoR/ujlyVO53it+q96dujbgKEvlff/WEuo4LbDKBrKLWKTKvOd/VYdg==}
    cpu: [arm64]
    os: [darwin]

  '@oxlint/darwin-x64@1.31.0':
    resolution: {integrity: sha512-gNq+JQXBCkYKQhmJEgSNjuPqmdL8yBEX3v0sueLH3g5ym4OIrNO7ml1M7xzCs0zhINQCR9MsjMJMyBNaF1ed+g==}
    cpu: [x64]
    os: [darwin]

  '@oxlint/linux-arm64-gnu@1.31.0':
    resolution: {integrity: sha512-cRmttpr3yHPwbrvtPNlv+0Zw2Oeh0cU902iMI4fFW9ylbW/vUAcz6DvzGMCYZbII8VDiwQ453SV5AA8xBgMbmw==}
    cpu: [arm64]
    os: [linux]

  '@oxlint/linux-arm64-musl@1.31.0':
    resolution: {integrity: sha512-0p7vn0hdMdNPIUzemw8f1zZ2rRZ/963EkK3o4P0KUXOPgleo+J9ZIPH7gcHSHtyrNaBifN03wET1rH4SuWQYnA==}
    cpu: [arm64]
    os: [linux]

  '@oxlint/linux-x64-gnu@1.31.0':
    resolution: {integrity: sha512-vNIbpSwQ4dwN0CUmojG7Y91O3CXOf0Kno7DSTshk/JJR4+u8HNVuYVjX2qBRk0OMc4wscJbEd7wJCl0VJOoCOw==}
    cpu: [x64]
    os: [linux]

  '@oxlint/linux-x64-musl@1.31.0':
    resolution: {integrity: sha512-4avnH09FJRTOT2cULdDPG0s14C+Ku4cnbNye6XO7rsiX6Bprz+aQblLA+1WLOr7UfC/0zF+jnZ9K5VyBBJy9Kw==}
    cpu: [x64]
    os: [linux]

  '@oxlint/win32-arm64@1.31.0':
    resolution: {integrity: sha512-mQaD5H93OUpxiGjC518t5wLQikf0Ur5mQEKO2VoTlkp01gqmrQ+hyCLOzABlsAIAeDJD58S9JwNOw4KFFnrqdw==}
    cpu: [arm64]
    os: [win32]

  '@oxlint/win32-x64@1.31.0':
    resolution: {integrity: sha512-AS/h58HfloccRlVs7P3zbyZfxNS62JuE8/3fYGjkiRlR1ZoDxdqmz5QgLEn+YxxFUTMmclGAPMFHg9z2Pk315A==}
    cpu: [x64]
    os: [win32]

  oxlint@1.31.0:
    resolution: {integrity: sha512-U+Z3VShi1zuLF2Hz/pm4vWJUBm5sDHjwSzj340tz4tS2yXg9H5PTipsZv+Yu/alg6Z7EM2cZPKGNBZAvmdfkQg==}
    engines: {node: ^20.19.0 || >=22.12.0}
    hasBin: true
    peerDependencies:
      oxlint-tsgolint: '>=0.8.1'
    peerDependenciesMeta:
      oxlint-tsgolint:
        optional: true

  prettier@3.7.4:
    resolution: {integrity: sha512-v6UNi1+3hSlVvv8fSaoUbggEM5VErKmmpGA7Pl3HF8V6uKY7rvClBOJlH6yNwQtfTueNkGVpOv/mtWL9L4bgRA==}
    engines: {node: '>=14'}
    hasBin: true

snapshots:

  '@oxlint/darwin-arm64@1.31.0':
    optional: true

  '@oxlint/darwin-x64@1.31.0':
    optional: true

  '@oxlint/linux-arm64-gnu@1.31.0':
    optional: true

  '@oxlint/linux-arm64-musl@1.31.0':
    optional: true

  '@oxlint/linux-x64-gnu@1.31.0':
    optional: true

  '@oxlint/linux-x64-musl@1.31.0':
    optional: true

  '@oxlint/win32-arm64@1.31.0':
    optional: true

  '@oxlint/win32-x64@1.31.0':
    optional: true

  oxlint@1.31.0:
    optionalDependencies:
      '@oxlint/darwin-arm64': 1.31.0
      '@oxlint/darwin-x64': 1.31.0
      '@oxlint/linux-arm64-gnu': 1.31.0
      '@oxlint/linux-arm64-musl': 1.31.0
      '@oxlint/linux-x64-gnu': 1.31.0
      '@oxlint/linux-x64-musl': 1.31.0
      '@oxlint/win32-arm64': 1.31.0
      '@oxlint/win32-x64': 1.31.0

  prettier@3.7.4: {}
